
Microsoft Visual Studio Solution File, Format Version 12.00
# Visual Studio 15
VisualStudioVersion = 15.0.28307.438
MinimumVisualStudioVersion = 10.0.40219.1
Project("{FAE04EC0-301F-11D3-BF4B-00C04F79EFBC}") = "Homework4Part2", "Homework4Part2\Homework4Part2.csproj", "{04C10292-AAAC-4418-8554-67EF4BE79F46}"
EndProject
Project("{FAE04EC0-301F-11D3-BF4B-00C04F79EFBC}") = "ConsoleApp1", "ConsoleApp1\ConsoleApp1.csproj", "{CE6E8996-FA2A-432E-BB67-E28CBB9D696F}"
EndProject
Global
	GlobalSection(SolutionConfigurationPlatforms) = preSolution
		Debug|Any CPU = Debug|Any CPU
		Release|Any CPU = Release|Any CPU
	EndGlobalSection
	GlobalSection(ProjectConfigurationPlatforms) = postSolution
		{04C10292-AAAC-4418-8554-67EF4BE79F46}.Debug|Any CPU.ActiveCfg = Debug|Any CPU
		{04C10292-AAAC-4418-8554-67EF4BE79F46}.Debug|Any CPU.Build.0 = Debug|Any CPU
		{04C10292-AAAC-4418-8554-67EF4BE79F46}.Release|Any CPU.ActiveCfg = Release|Any CPU
		{04C10292-AAAC-4418-8554-67EF4BE79F46}.Release|Any CPU.Build.0 = Release|Any CPU
		{CE6E8996-FA2A-432E-BB67-E28CBB9D696F}.Debug|Any CPU.ActiveCfg = Debug|Any CPU
		{CE6E8996-FA2A-432E-BB67-E28CBB9D696F}.Debug|Any CPU.Build.0 = Debug|Any CPU
		{CE6E8996-FA2A-432E-BB67-E28CBB9D696F}.Release|Any CPU.ActiveCfg = Release|Any CPU
		{CE6E8996-FA2A-432E-BB67-E28CBB9D696F}.Release|Any CPU.Build.0 = Release|Any CPU
	EndGlobalSection
	GlobalSection(SolutionProperties) = preSolution
		HideSolutionNode = FALSE
	EndGlobalSection
	GlobalSection(ExtensibilityGlobals) = postSolution
		SolutionGuid = {BF24A0D6-0A53-475E-962D-69E85098DAAD}
	EndGlobalSection
EndGlobal
